
Microsoft Visual Studio Solution File, Format Version 12.00
# Visual Studio Version 17
VisualStudioVersion = 17.8.34112.27
MinimumVisualStudioVersion = 10.0.40219.1
Project("{8BC9CEB8-8B4A-11D0-8D11-00A0C91BC942}") = "interp", "interp.vcxproj", "{8BF84208-506F-49D2-B39B-4726A266C6E4}"
EndProject
Global
	GlobalSection(SolutionConfigurationPlatforms) = preSolution
		Debug|x64 = Debug|x64
		Debug|x86 = Debug|x86
		Release|x64 = Release|x64
		Release|x86 = Release|x86
	EndGlobalSection
	GlobalSection(ProjectConfigurationPlatforms) = postSolution
		{8BF84208-506F-49D2-B39B-4726A266C6E4}.Debug|x64.ActiveCfg = Debug|x64
		{8BF84208-506F-49D2-B39B-4726A266C6E4}.Debug|x64.Build.0 = Debug|x64
		{8BF84208-506F-49D2-B39B-4726A266C6E4}.Debug|x86.ActiveCfg = Debug|Win32
		{8BF84208-506F-49D2-B39B-4726A266C6E4}.Debug|x86.Build.0 = Debug|Win32
		{8BF84208-506F-49D2-B39B-4726A266C6E4}.Release|x64.ActiveCfg = Release|x64
		{8BF84208-506F-49D2-B39B-4726A266C6E4}.Release|x64.Build.0 = Release|x64
		{8BF84208-506F-49D2-B39B-4726A266C6E4}.Release|x86.ActiveCfg = Release|Win32
		{8BF84208-506F-49D2-B39B-4726A266C6E4}.Release|x86.Build.0 = Release|Win32
	EndGlobalSection
	GlobalSection(SolutionProperties) = preSolution
		HideSolutionNode = FALSE
	EndGlobalSection
	GlobalSection(ExtensibilityGlobals) = postSolution
		SolutionGuid = {552FA45B-1EC0-4A26-B26B-CDB0DE0F816B}
	EndGlobalSection
EndGlobal
