
Microsoft Visual Studio Solution File, Format Version 12.00
# Visual Studio Version 17
VisualStudioVersion = 17.7.34031.279
MinimumVisualStudioVersion = 10.0.40219.1
Project("{2150E333-8FDC-42A3-9474-1A3956D46DE8}") = "Solution Items", "Solution Items", "{771FE01B-6400-489F-B431-D7802EE2073A}"
	ProjectSection(SolutionItems) = preProject
		..\include\commands.h = ..\include\commands.h
		..\src\foo1.c = ..\src\foo1.c
		..\include\foo1.h = ..\include\foo1.h
		..\src\help.c = ..\src\help.c
		..\include\help.h = ..\include\help.h
		interp.vcxproj = interp.vcxproj
		interp.vcxproj.filters = interp.vcxproj.filters
		interp.vcxproj.user = interp.vcxproj.user
		..\src\main.c = ..\src\main.c
		..\include\simple_strlib.h = ..\include\simple_strlib.h
		..\include\support.h = ..\include\support.h
	EndProjectSection
EndProject
Global
	GlobalSection(SolutionProperties) = preSolution
		HideSolutionNode = FALSE
	EndGlobalSection
	GlobalSection(ExtensibilityGlobals) = postSolution
		SolutionGuid = {8B2A2173-E33A-4BC8-969B-71AA932D2E55}
	EndGlobalSection
EndGlobal
